
Microsoft Visual Studio Solution File, Format Version 12.00
# Visual Studio Version 17
VisualStudioVersion = 17.2.32616.157
MinimumVisualStudioVersion = 10.0.40219.1
Project("{FAE04EC0-301F-11D3-BF4B-00C04F79EFBC}") = "WebBookShop", "WebBookShop\WebBookShop.csproj", "{D38DD17A-6A89-4F46-AF05-9B9BD92B6B50}"
EndProject
Global
	GlobalSection(SolutionConfigurationPlatforms) = preSolution
		Debug|Any CPU = Debug|Any CPU
		Release|Any CPU = Release|Any CPU
	EndGlobalSection
	GlobalSection(ProjectConfigurationPlatforms) = postSolution
		{D38DD17A-6A89-4F46-AF05-9B9BD92B6B50}.Debug|Any CPU.ActiveCfg = Debug|Any CPU
		{D38DD17A-6A89-4F46-AF05-9B9BD92B6B50}.Debug|Any CPU.Build.0 = Debug|Any CPU
		{D38DD17A-6A89-4F46-AF05-9B9BD92B6B50}.Release|Any CPU.ActiveCfg = Release|Any CPU
		{D38DD17A-6A89-4F46-AF05-9B9BD92B6B50}.Release|Any CPU.Build.0 = Release|Any CPU
	EndGlobalSection
	GlobalSection(SolutionProperties) = preSolution
		HideSolutionNode = FALSE
	EndGlobalSection
	GlobalSection(ExtensibilityGlobals) = postSolution
		SolutionGuid = {12BB3FDB-D680-436A-BC15-7C07CF5EFA23}
	EndGlobalSection
EndGlobal
